
Microsoft Visual Studio Solution File, Format Version 12.00
# Visual Studio Version 17
VisualStudioVersion = 17.9.34607.119
MinimumVisualStudioVersion = 10.0.40219.1
Project("{8BC9CEB8-8B4A-11D0-8D11-00A0C91BC942}") = "XEngine_GrabVotes", "XEngine_GrabVotes\XEngine_GrabVotes.vcxproj", "{C68A3B74-EC71-457B-A63D-DC758B001B47}"
EndProject
Project("{2150E333-8FDC-42A3-9474-1A3956D46DE8}") = "XEngine_Depend", "XEngine_Depend", "{8DCC0434-81B9-4BCC-A40A-74F06A8232C2}"
EndProject
Project("{8BC9CEB8-8B4A-11D0-8D11-00A0C91BC942}") = "jsoncpp", "XEngine_Depend\XEngine_Module\jsoncpp\jsoncpp.vcxproj", "{F1736B3F-03A2-4FC7-B045-A12BA8D724FB}"
EndProject
Global
	GlobalSection(SolutionConfigurationPlatforms) = preSolution
		Debug|x64 = Debug|x64
		Debug|x86 = Debug|x86
		Release|x64 = Release|x64
		Release|x86 = Release|x86
	EndGlobalSection
	GlobalSection(ProjectConfigurationPlatforms) = postSolution
		{C68A3B74-EC71-457B-A63D-DC758B001B47}.Debug|x64.ActiveCfg = Debug|x64
		{C68A3B74-EC71-457B-A63D-DC758B001B47}.Debug|x64.Build.0 = Debug|x64
		{C68A3B74-EC71-457B-A63D-DC758B001B47}.Debug|x86.ActiveCfg = Debug|Win32
		{C68A3B74-EC71-457B-A63D-DC758B001B47}.Debug|x86.Build.0 = Debug|Win32
		{C68A3B74-EC71-457B-A63D-DC758B001B47}.Release|x64.ActiveCfg = Release|x64
		{C68A3B74-EC71-457B-A63D-DC758B001B47}.Release|x64.Build.0 = Release|x64
		{C68A3B74-EC71-457B-A63D-DC758B001B47}.Release|x86.ActiveCfg = Release|Win32
		{C68A3B74-EC71-457B-A63D-DC758B001B47}.Release|x86.Build.0 = Release|Win32
		{F1736B3F-03A2-4FC7-B045-A12BA8D724FB}.Debug|x64.ActiveCfg = Debug|x64
		{F1736B3F-03A2-4FC7-B045-A12BA8D724FB}.Debug|x64.Build.0 = Debug|x64
		{F1736B3F-03A2-4FC7-B045-A12BA8D724FB}.Debug|x86.ActiveCfg = Debug|Win32
		{F1736B3F-03A2-4FC7-B045-A12BA8D724FB}.Debug|x86.Build.0 = Debug|Win32
		{F1736B3F-03A2-4FC7-B045-A12BA8D724FB}.Release|x64.ActiveCfg = Release|x64
		{F1736B3F-03A2-4FC7-B045-A12BA8D724FB}.Release|x64.Build.0 = Release|x64
		{F1736B3F-03A2-4FC7-B045-A12BA8D724FB}.Release|x86.ActiveCfg = Release|Win32
		{F1736B3F-03A2-4FC7-B045-A12BA8D724FB}.Release|x86.Build.0 = Release|Win32
	EndGlobalSection
	GlobalSection(SolutionProperties) = preSolution
		HideSolutionNode = FALSE
	EndGlobalSection
	GlobalSection(NestedProjects) = preSolution
		{F1736B3F-03A2-4FC7-B045-A12BA8D724FB} = {8DCC0434-81B9-4BCC-A40A-74F06A8232C2}
	EndGlobalSection
	GlobalSection(ExtensibilityGlobals) = postSolution
		SolutionGuid = {4DAC800C-8576-4CAC-889A-EA1D760F8902}
	EndGlobalSection
EndGlobal
